<?xml version="1.0" encoding="utf-8"?>
<Project ToolsVersion="4.0" xmlns="http://schemas.microsoft.com/developer/msbuild/2003">
  <ItemGroup>
    <Filter Include="Header Files">
      <UniqueIdentifier>{93995380-89BD-4b04-88EB-625FBE52EBFB}</UniqueIdentifier>
      <Extensions>h;hh;hpp;hxx;hm;inl;inc;ipp;xsd</Extensions>
    </Filter>
    <Filter Include="Resource Files">
      <UniqueIdentifier>{67DA6AB6-F800-4c08-8B7A-83BB121AAD01}</UniqueIdentifier>
      <Extensions>hlsl;rc;ico;cur;bmp;dlg;rc2;rct;bin;rgs;gif;jpg;jpeg;jpe;resx;tiff;tif;png;wav;mfcribbon-ms</Extensions>
    </Filter>
    <Filter Include="Source Files">
      <UniqueIdentifier>{4FC737F1-C7A5-4376-A066-2A32D752A2FF}</UniqueIdentifier>
      <Extensions>cpp;c;cc;cxx;def;odl;idl;hpj;bat;asm;asmx</Extensions>
    </Filter>
    <Filter Include="Header Files\Engine">
      <UniqueIdentifier>{fd5accac-d712-4527-b3fd-f30803449415}</UniqueIdentifier>
    </Filter>
    <Filter Include="Header Files\Engine\Application">
      <UniqueIdentifier>{2208f8b6-9339-4ecd-994e-935f4c9fbf34}</UniqueIdentifier>
    </Filter>
    <Filter Include="Header Files\Engine\Utils">
      <UniqueIdentifier>{ecd3e83d-707d-43f0-9178-0226539a9f0f}</UniqueIdentifier>
    </Filter>
    <Filter Include="Header Files\Engine\Graphics">
      <UniqueIdentifier>{967c48cc-946e-4625-850d-37f5e7a080e4}</UniqueIdentifier>
    </Filter>
    <Filter Include="Header Files\Engine\Graphics\Shaders">
      <UniqueIdentifier>{0e91c633-17fd-4295-995a-ab0bc7f1e8dc}</UniqueIdentifier>
    </Filter>
    <Filter Include="Resource Files\Engine">
      <UniqueIdentifier>{b068dec5-8237-40c1-ab0c-8b3c8b2519a6}</UniqueIdentifier>
    </Filter>
    <Filter Include="Resource Files\Engine\Shaders">
      <UniqueIdentifier>{cb563ba2-8fa1-4bf1-94d2-2e0da7d57aa0}</UniqueIdentifier>
    </Filter>
    <Filter Include="Source Files\Engine">
      <UniqueIdentifier>{d437d583-bf6c-4f6a-b5f3-6aa94bdb20a8}</UniqueIdentifier>
    </Filter>
    <Filter Include="Source Files\Engine\Application">
      <UniqueIdentifier>{7e697a3b-0934-4851-9224-345bc2820a20}</UniqueIdentifier>
    </Filter>
    <Filter Include="Source Files\Engine\Graphics">
      <UniqueIdentifier>{a84a1e4f-773f-4e06-8a2c-0eccffa49a66}</UniqueIdentifier>
    </Filter>
    <Filter Include="Source Files\Engine\Utils">
      <UniqueIdentifier>{7c8b5d7a-3a0d-443d-a981-a25b6f52c250}</UniqueIdentifier>
    </Filter>
    <Filter Include="Source Files\Engine\Graphics\Shaders">
      <UniqueIdentifier>{366760a0-609f-45df-9659-b016f6e65fb0}</UniqueIdentifier>
    </Filter>
  </ItemGroup>
  <ItemGroup>
    <ClCompile Include="WinMain.cpp">
      <Filter>Source Files</Filter>
    </ClCompile>
    <ClCompile Include="Engine\Application\Application.cpp">
      <Filter>Source Files\Engine\Application</Filter>
    </ClCompile>
    <ClCompile Include="Engine\Application\Input.cpp">
      <Filter>Source Files\Engine\Application</Filter>
    </ClCompile>
    <ClCompile Include="Engine\Application\Window.cpp">
      <Filter>Source Files\Engine\Application</Filter>
    </ClCompile>
    <ClCompile Include="Engine\Utils\Debug.cpp">
      <Filter>Source Files\Engine\Utils</Filter>
    </ClCompile>
    <ClCompile Include="Engine\Utils\FileSystem.cpp">
      <Filter>Source Files\Engine\Utils</Filter>
    </ClCompile>
    <ClCompile Include="Engine\Utils\Logger.cpp">
      <Filter>Source Files\Engine\Utils</Filter>
    </ClCompile>
    <ClCompile Include="Engine\Engine.cpp">
      <Filter>Source Files\Engine</Filter>
    </ClCompile>
    <ClCompile Include="Engine\Graphics\Graphics.cpp">
      <Filter>Source Files\Engine\Graphics</Filter>
    </ClCompile>
    <ClCompile Include="Engine\Utils\String.cpp">
      <Filter>Source Files\Engine\Utils</Filter>
    </ClCompile>
    <ClCompile Include="Engine\Graphics\Shaders\PixelShader.cpp">
      <Filter>Source Files\Engine\Graphics\Shaders</Filter>
    </ClCompile>
    <ClCompile Include="Engine\Graphics\Shaders\VertexShader.cpp">
      <Filter>Source Files\Engine\Graphics\Shaders</Filter>
    </ClCompile>
  </ItemGroup>
  <ItemGroup>
    <ClInclude Include="Engine\Graphics\Shaders\PixelShader.h">
      <Filter>Header Files\Engine\Graphics\Shaders</Filter>
    </ClInclude>
    <ClInclude Include="Engine\Graphics\Shaders\VertexShader.h">
      <Filter>Header Files\Engine\Graphics\Shaders</Filter>
    </ClInclude>
    <ClInclude Include="Engine\Application\Application.h">
      <Filter>Header Files\Engine\Application</Filter>
    </ClInclude>
    <ClInclude Include="Engine\Application\Window.h">
      <Filter>Header Files\Engine\Application</Filter>
    </ClInclude>
    <ClInclude Include="Engine\Application\Input.h">
      <Filter>Header Files\Engine\Application</Filter>
    </ClInclude>
    <ClInclude Include="Engine\Engine.h">
      <Filter>Header Files\Engine</Filter>
    </ClInclude>
    <ClInclude Include="Engine\Utils\Debug.h">
      <Filter>Header Files\Engine\Utils</Filter>
    </ClInclude>
    <ClInclude Include="Engine\Utils\Expected.h">
      <Filter>Header Files\Engine\Utils</Filter>
    </ClInclude>
    <ClInclude Include="Engine\Utils\FileSystem.h">
      <Filter>Header Files\Engine\Utils</Filter>
    </ClInclude>
    <ClInclude Include="Engine\Utils\Logger.h">
      <Filter>Header Files\Engine\Utils</Filter>
    </ClInclude>
    <ClInclude Include="Engine\Utils\String.h">
      <Filter>Header Files\Engine\Utils</Filter>
    </ClInclude>
    <ClInclude Include="Engine\Graphics\Graphics.h">
      <Filter>Header Files\Engine\Graphics</Filter>
    </ClInclude>
  </ItemGroup>
  <ItemGroup>
    <FxCompile Include="Engine\Resources\Shaders\PixelShader.hlsl">
      <Filter>Resource Files\Engine\Shaders</Filter>
    </FxCompile>
    <FxCompile Include="Engine\Resources\Shaders\VertexShader.hlsl">
      <Filter>Resource Files\Engine\Shaders</Filter>
    </FxCompile>
  </ItemGroup>
  <ItemGroup>
    <None Include="Engine\Utils\Expected.inl">
      <Filter>Header Files\Engine\Utils</Filter>
    </None>
  </ItemGroup>
</Project>