<?xml version="1.0" encoding="utf-8"?>
<Project ToolsVersion="4.0" xmlns="http://schemas.microsoft.com/developer/msbuild/2003">
  <ItemGroup>
    <Filter Include="Header Files">
      <UniqueIdentifier>{93995380-89BD-4b04-88EB-625FBE52EBFB}</UniqueIdentifier>
      <Extensions>h;hh;hpp;hxx;hm;inl;inc;ipp;xsd</Extensions>
    </Filter>
    <Filter Include="Header Files\Engine">
      <UniqueIdentifier>{ebb8df61-56f4-4b88-b631-91345bcdee4b}</UniqueIdentifier>
    </Filter>
    <Filter Include="Header Files\Engine\Core">
      <UniqueIdentifier>{7d9b64ab-dc09-4f13-bb91-5b5e139c7a54}</UniqueIdentifier>
    </Filter>
    <Filter Include="Header Files\Engine\Graphics">
      <UniqueIdentifier>{a6b1acc7-bad5-4c09-8235-9cca26f35ac4}</UniqueIdentifier>
    </Filter>
    <Filter Include="Header Files\Engine\Input">
      <UniqueIdentifier>{6e8c20f4-0501-406c-9154-57d409bbe1ea}</UniqueIdentifier>
    </Filter>
    <Filter Include="Header Files\Engine\Utils">
      <UniqueIdentifier>{60ae57d8-2d08-411d-8342-3a6792567f6e}</UniqueIdentifier>
    </Filter>
    <Filter Include="Resource Files">
      <UniqueIdentifier>{67DA6AB6-F800-4c08-8B7A-83BB121AAD01}</UniqueIdentifier>
      <Extensions>hlsl;rc;ico;cur;bmp;dlg;rc2;rct;bin;rgs;gif;jpg;jpeg;jpe;resx;tiff;tif;png;wav;mfcribbon-ms</Extensions>
    </Filter>
    <Filter Include="Resource Files\Engine">
      <UniqueIdentifier>{afaf68c9-d5a0-4815-afdc-02ec50944abe}</UniqueIdentifier>
    </Filter>
    <Filter Include="Resource Files\Engine\Shaders">
      <UniqueIdentifier>{9efaa217-a332-4898-9559-e96d5d933118}</UniqueIdentifier>
    </Filter>
    <Filter Include="Source Files">
      <UniqueIdentifier>{4FC737F1-C7A5-4376-A066-2A32D752A2FF}</UniqueIdentifier>
      <Extensions>cpp;c;cc;cxx;def;odl;idl;hpj;bat;asm;asmx</Extensions>
    </Filter>
    <Filter Include="Source Files\Engine">
      <UniqueIdentifier>{e780e056-a669-4dfa-bcd7-9fd4eb053b5e}</UniqueIdentifier>
    </Filter>
    <Filter Include="Source Files\Engine\Core">
      <UniqueIdentifier>{a628f218-5c21-4c4c-9203-71b3d1469f1a}</UniqueIdentifier>
    </Filter>
    <Filter Include="Source Files\Engine\Graphics">
      <UniqueIdentifier>{f84fb68f-b6a6-4c13-82e3-bdd3dc33016a}</UniqueIdentifier>
    </Filter>
    <Filter Include="Source Files\Engine\Input">
      <UniqueIdentifier>{e8d52b1c-4bab-456f-860c-5dec152c00c2}</UniqueIdentifier>
    </Filter>
    <Filter Include="Source Files\Engine\Utils">
      <UniqueIdentifier>{c6a7beab-6ba2-446a-8d15-0747856bc31b}</UniqueIdentifier>
    </Filter>
    <Filter Include="Header Files\Engine\Graphics\Shaders">
      <UniqueIdentifier>{6e7eca7a-c8a5-48fc-8f84-a8e85a9b7ef4}</UniqueIdentifier>
    </Filter>
    <Filter Include="Source Files\Engine\Graphics\Shaders">
      <UniqueIdentifier>{46c7ffb6-47f4-43de-aed8-b8cdad762292}</UniqueIdentifier>
    </Filter>
  </ItemGroup>
  <ItemGroup>
    <ClCompile Include="Engine\Core\Logger.cpp">
      <Filter>Source Files\Engine\Core</Filter>
    </ClCompile>
    <ClCompile Include="Engine\Graphics\Graphics.cpp">
      <Filter>Source Files\Engine\Graphics</Filter>
    </ClCompile>
    <ClCompile Include="Engine\Input\Keyboard.cpp">
      <Filter>Source Files\Engine\Input</Filter>
    </ClCompile>
    <ClCompile Include="Engine\Input\Mouse.cpp">
      <Filter>Source Files\Engine\Input</Filter>
    </ClCompile>
    <ClCompile Include="Engine\Utils\Debug.cpp">
      <Filter>Source Files\Engine\Utils</Filter>
    </ClCompile>
    <ClCompile Include="Engine\Application.cpp">
      <Filter>Source Files\Engine</Filter>
    </ClCompile>
    <ClCompile Include="Engine\Engine.cpp">
      <Filter>Source Files\Engine</Filter>
    </ClCompile>
    <ClCompile Include="Engine\Window.cpp">
      <Filter>Source Files\Engine</Filter>
    </ClCompile>
    <ClCompile Include="WinMain.cpp">
      <Filter>Source Files</Filter>
    </ClCompile>
    <ClCompile Include="Engine\Utils\String.cpp">
      <Filter>Source Files\Engine\Utils</Filter>
    </ClCompile>
    <ClCompile Include="Engine\Utils\FileSystem.cpp">
      <Filter>Source Files\Engine\Utils</Filter>
    </ClCompile>
    <ClCompile Include="Engine\Graphics\Shaders\Pipeline.cpp">
      <Filter>Source Files\Engine\Graphics\Shaders</Filter>
    </ClCompile>
    <ClCompile Include="Engine\Graphics\Shaders\VertexShader.cpp">
      <Filter>Source Files\Engine\Graphics\Shaders</Filter>
    </ClCompile>
    <ClCompile Include="Engine\Graphics\Shaders\PixelShader.cpp">
      <Filter>Source Files\Engine\Graphics\Shaders</Filter>
    </ClCompile>
  </ItemGroup>
  <ItemGroup>
    <ClInclude Include="Engine\Core\Expected.h">
      <Filter>Header Files\Engine\Core</Filter>
    </ClInclude>
    <ClInclude Include="Engine\Graphics\Graphics.h">
      <Filter>Header Files\Engine\Graphics</Filter>
    </ClInclude>
    <ClInclude Include="Engine\Core\Logger.h">
      <Filter>Header Files\Engine\Core</Filter>
    </ClInclude>
    <ClInclude Include="Engine\Input\Keyboard.h">
      <Filter>Header Files\Engine\Input</Filter>
    </ClInclude>
    <ClInclude Include="Engine\Input\Mouse.h">
      <Filter>Header Files\Engine\Input</Filter>
    </ClInclude>
    <ClInclude Include="Engine\Utils\Debug.h">
      <Filter>Header Files\Engine\Utils</Filter>
    </ClInclude>
    <ClInclude Include="Engine\Application.h">
      <Filter>Header Files\Engine</Filter>
    </ClInclude>
    <ClInclude Include="Engine\Engine.h">
      <Filter>Header Files\Engine</Filter>
    </ClInclude>
    <ClInclude Include="Engine\Window.h">
      <Filter>Header Files\Engine</Filter>
    </ClInclude>
    <ClInclude Include="Engine\Utils\String.h">
      <Filter>Header Files\Engine\Utils</Filter>
    </ClInclude>
    <ClInclude Include="Engine\Utils\FileSystem.h">
      <Filter>Header Files\Engine\Utils</Filter>
    </ClInclude>
    <ClInclude Include="Engine\Graphics\Shaders\Pipeline.h">
      <Filter>Header Files\Engine\Graphics\Shaders</Filter>
    </ClInclude>
    <ClInclude Include="Engine\Graphics\Shaders\VertexShader.h">
      <Filter>Header Files\Engine\Graphics\Shaders</Filter>
    </ClInclude>
    <ClInclude Include="Engine\Graphics\Shaders\PixelShader.h">
      <Filter>Header Files\Engine\Graphics\Shaders</Filter>
    </ClInclude>
  </ItemGroup>
  <ItemGroup>
    <FxCompile Include="Engine\Resources\Shaders\PixelShader.hlsl">
      <Filter>Resource Files\Engine\Shaders</Filter>
    </FxCompile>
    <FxCompile Include="Engine\Resources\Shaders\VertexShader.hlsl">
      <Filter>Resource Files\Engine\Shaders</Filter>
    </FxCompile>
  </ItemGroup>
  <ItemGroup>
    <None Include="Engine\Core\Expected.inl">
      <Filter>Header Files\Engine\Core</Filter>
    </None>
  </ItemGroup>
</Project>